
Microsoft Visual Studio Solution File, Format Version 12.00
# Visual Studio Version 17
VisualStudioVersion = 17.1.32228.430
MinimumVisualStudioVersion = 10.0.40219.1
Project("{FAE04EC0-301F-11D3-BF4B-00C04F79EFBC}") = "Sake", "Sake\Sake.csproj", "{CE4AC34F-CAC5-4E12-901A-FF79FF492826}"
EndProject
Global
	GlobalSection(SolutionConfigurationPlatforms) = preSolution
		Debug|Any CPU = Debug|Any CPU
		Release|Any CPU = Release|Any CPU
	EndGlobalSection
	GlobalSection(ProjectConfigurationPlatforms) = postSolution
		{CE4AC34F-CAC5-4E12-901A-FF79FF492826}.Debug|Any CPU.ActiveCfg = Debug|Any CPU
		{CE4AC34F-CAC5-4E12-901A-FF79FF492826}.Debug|Any CPU.Build.0 = Debug|Any CPU
		{CE4AC34F-CAC5-4E12-901A-FF79FF492826}.Release|Any CPU.ActiveCfg = Release|Any CPU
		{CE4AC34F-CAC5-4E12-901A-FF79FF492826}.Release|Any CPU.Build.0 = Release|Any CPU
	EndGlobalSection
	GlobalSection(SolutionProperties) = preSolution
		HideSolutionNode = FALSE
	EndGlobalSection
	GlobalSection(ExtensibilityGlobals) = postSolution
		SolutionGuid = {61EDDBF1-C5A4-42D6-B435-2589825C8884}
	EndGlobalSection
EndGlobal
